
Microsoft Visual Studio Solution File, Format Version 12.00
# Visual Studio Version 17
VisualStudioVersion = 17.6.33829.357
MinimumVisualStudioVersion = 10.0.40219.1
Project("{FAE04EC0-301F-11D3-BF4B-00C04F79EFBC}") = "ChatBox", "ChatBox\ChatBox.csproj", "{A37C17FE-4586-4518-AB81-CF0278210708}"
EndProject
Global
	GlobalSection(SolutionConfigurationPlatforms) = preSolution
		Debug|Any CPU = Debug|Any CPU
		Release|Any CPU = Release|Any CPU
	EndGlobalSection
	GlobalSection(ProjectConfigurationPlatforms) = postSolution
		{A37C17FE-4586-4518-AB81-CF0278210708}.Debug|Any CPU.ActiveCfg = Debug|Any CPU
		{A37C17FE-4586-4518-AB81-CF0278210708}.Debug|Any CPU.Build.0 = Debug|Any CPU
		{A37C17FE-4586-4518-AB81-CF0278210708}.Release|Any CPU.ActiveCfg = Release|Any CPU
		{A37C17FE-4586-4518-AB81-CF0278210708}.Release|Any CPU.Build.0 = Release|Any CPU
	EndGlobalSection
	GlobalSection(SolutionProperties) = preSolution
		HideSolutionNode = FALSE
	EndGlobalSection
	GlobalSection(ExtensibilityGlobals) = postSolution
		SolutionGuid = {9C783479-C979-4A9E-B1A8-9D0BAB6D24EE}
	EndGlobalSection
EndGlobal
